symfony v2.0.17
twig v1.9.2
monolog 1.0.2
doctrine-common 2.1.4
doctrine-dbal 2.1.7
doctrine 2.1.7
swiftmailer v4.2.1
assetic v1.0.3
twig-extensions f904575642b1213db69b4a98f08397e722ba1cae
metadata 1.0.0
SensioFrameworkExtraBundle v2.0.17
JMSSecurityExtraBundle e752f888c51425f71382c056961f10f2be642102
SensioDistributionBundle v2.0.17
SensioGeneratorBundle v2.0.17
AsseticBundle 6f15728c1aefa5246caa83730e3dbf70b0d46052
SonataAdminBundle 1c40585d63cac501f6e10349b05a8650286509bb
SonataBlockBundle 0d18510ac346343ee5a19c50b012da91bd812eef
SonataCacheBundle 341ab9ac0315b38d8c600230c39d39c72aba26df
SonatajQueryBundle 5f87a761302e6c78304e071416f75d41eb1fb3c2
SonataDoctrineORMAdminBundle b2937148e241e7a296aff4709c74d96435c49bc2
KnpMenuBundle v1.1.0
KnpMenu v1.1.0
Exporter 75174b5a41f1014ecb4b4810a518f036b830d862
FacebookApiLibrary v3.2.0
doctrine-fixtures b29bad9738fada9486961f60542f2d2d77c7b501
DoctrineFixturesBundle 479f10d068bd0b01e055aa2f555946893322b79c
APIBundle 282d0d54b2608a6ca6c23aac4adc27e64f2408d7
